// !$*UTF8*$!
{
	archiveVersion = 1;
	classes = {
	};
	objectVersion = 55;
	objects = {

/* Begin PBXBuildFile section */
		AB883C662886693B00DE27E6 /* AppDelegate.swift in Sources */ = {isa = PBXBuildFile; fileRef = AB883C652886693B00DE27E6 /* AppDelegate.swift */; };
		AB883C682886693B00DE27E6 /* SceneDelegate.swift in Sources */ = {isa = PBXBuildFile; fileRef = AB883C672886693B00DE27E6 /* SceneDelegate.swift */; };
		AB883C6A2886693B00DE27E6 /* ViewController.swift in Sources */ = {isa = PBXBuildFile; fileRef = AB883C692886693B00DE27E6 /* ViewController.swift */; };
		AB883C6D2886693B00DE27E6 /* Main.storyboard in Resources */ = {isa = PBXBuildFile; fileRef = AB883C6B2886693B00DE27E6 /* Main.storyboard */; };
		AB883C6F2886693C00DE27E6 /* Assets.xcassets in Resources */ = {isa = PBXBuildFile; fileRef = AB883C6E2886693C00DE27E6 /* Assets.xcassets */; };
		AB883C722886693C00DE27E6 /* LaunchScreen.storyboard in Resources */ = {isa = PBXBuildFile; fileRef = AB883C702886693C00DE27E6 /* LaunchScreen.storyboard */; };
		AB883C80288669C700DE27E6 /* ReplayKit.framework in Frameworks */ = {isa = PBXBuildFile; fileRef = AB883C7F288669C700DE27E6 /* ReplayKit.framework */; };
		AB883C83288669C700DE27E6 /* SampleHandler.swift in Sources */ = {isa = PBXBuildFile; fileRef = AB883C82288669C700DE27E6 /* SampleHandler.swift */; };
		AB883C8A288669C700DE27E6 /* ReplayKit.framework in Frameworks */ = {isa = PBXBuildFile; fileRef = AB883C7F288669C700DE27E6 /* ReplayKit.framework */; };
		AB883C8C288669C700DE27E6 /* UIKit.framework in Frameworks */ = {isa = PBXBuildFile; fileRef = AB883C8B288669C700DE27E6 /* UIKit.framework */; };
		AB883C8F288669C700DE27E6 /* BroadcastSetupViewController.swift in Sources */ = {isa = PBXBuildFile; fileRef = AB883C8E288669C700DE27E6 /* BroadcastSetupViewController.swift */; };
		AB883C93288669C700DE27E6 /* recordSetupUI.appex in Embed App Extensions */ = {isa = PBXBuildFile; fileRef = AB883C89288669C700DE27E6 /* recordSetupUI.appex */; settings = {ATTRIBUTES = (RemoveHeadersOnCopy, ); }; };
		AB883C96288669C700DE27E6 /* record.appex in Embed App Extensions */ = {isa = PBXBuildFile; fileRef = AB883C7D288669C700DE27E6 /* record.appex */; settings = {ATTRIBUTES = (RemoveHeadersOnCopy, ); }; };
		AB96864F288671B200F46C29 /* library.swift in Sources */ = {isa = PBXBuildFile; fileRef = AB96864D288670DB00F46C29 /* library.swift */; };
/* End PBXBuildFile section */

/* Begin PBXContainerItemProxy section */
		AB883C91288669C700DE27E6 /* PBXContainerItemProxy */ = {
			isa = PBXContainerItemProxy;
			containerPortal = AB883C5A2886693B00DE27E6 /* Project object */;
			proxyType = 1;
			remoteGlobalIDString = AB883C88288669C700DE27E6;
			remoteInfo = recordSetupUI;
		};
		AB883C94288669C700DE27E6 /* PBXContainerItemProxy */ = {
			isa = PBXContainerItemProxy;
			containerPortal = AB883C5A2886693B00DE27E6 /* Project object */;
			proxyType = 1;
			remoteGlobalIDString = AB883C7C288669C700DE27E6;
			remoteInfo = record;
		};
/* End PBXContainerItemProxy section */

/* Begin PBXCopyFilesBuildPhase section */
		AB883C9D288669C700DE27E6 /* Embed App Extensions */ = {
			isa = PBXCopyFilesBuildPhase;
			buildActionMask = 2147483647;
			dstPath = "";
			dstSubfolderSpec = 13;
			files = (
				AB883C93288669C700DE27E6 /* recordSetupUI.appex in Embed App Extensions */,
				AB883C96288669C700DE27E6 /* record.appex in Embed App Extensions */,
			);
			name = "Embed App Extensions";
			runOnlyForDeploymentPostprocessing = 0;
		};
/* End PBXCopyFilesBuildPhase section */

/* Begin PBXFileReference section */
		AB883C622886693B00DE27E6 /* ott.app */ = {isa = PBXFileReference; explicitFileType = wrapper.application; includeInIndex = 0; path = ott.app; sourceTree = BUILT_PRODUCTS_DIR; };
		AB883C652886693B00DE27E6 /* AppDelegate.swift */ = {isa = PBXFileReference; lastKnownFileType = sourcecode.swift; path = AppDelegate.swift; sourceTree = "<group>"; };
		AB883C672886693B00DE27E6 /* SceneDelegate.swift */ = {isa = PBXFileReference; lastKnownFileType = sourcecode.swift; path = SceneDelegate.swift; sourceTree = "<group>"; };
		AB883C692886693B00DE27E6 /* ViewController.swift */ = {isa = PBXFileReference; lastKnownFileType = sourcecode.swift; path = ViewController.swift; sourceTree = "<group>"; };
		AB883C6C2886693B00DE27E6 /* Base */ = {isa = PBXFileReference; lastKnownFileType = file.storyboard; name = Base; path = Base.lproj/Main.storyboard; sourceTree = "<group>"; };
		AB883C6E2886693C00DE27E6 /* Assets.xcassets */ = {isa = PBXFileReference; lastKnownFileType = folder.assetcatalog; path = Assets.xcassets; sourceTree = "<group>"; };
		AB883C712886693C00DE27E6 /* Base */ = {isa = PBXFileReference; lastKnownFileType = file.storyboard; name = Base; path = Base.lproj/LaunchScreen.storyboard; sourceTree = "<group>"; };
		AB883C732886693C00DE27E6 /* Info.plist */ = {isa = PBXFileReference; lastKnownFileType = text.plist.xml; path = Info.plist; sourceTree = "<group>"; };
		AB883C7D288669C700DE27E6 /* record.appex */ = {isa = PBXFileReference; explicitFileType = "wrapper.app-extension"; includeInIndex = 0; path = record.appex; sourceTree = BUILT_PRODUCTS_DIR; };
		AB883C7F288669C700DE27E6 /* ReplayKit.framework */ = {isa = PBXFileReference; lastKnownFileType = wrapper.framework; name = ReplayKit.framework; path = System/Library/Frameworks/ReplayKit.framework; sourceTree = SDKROOT; };
		AB883C82288669C700DE27E6 /* SampleHandler.swift */ = {isa = PBXFileReference; lastKnownFileType = sourcecode.swift; path = SampleHandler.swift; sourceTree = "<group>"; };
		AB883C84288669C700DE27E6 /* Info.plist */ = {isa = PBXFileReference; lastKnownFileType = text.plist.xml; path = Info.plist; sourceTree = "<group>"; };
		AB883C89288669C700DE27E6 /* recordSetupUI.appex */ = {isa = PBXFileReference; explicitFileType = "wrapper.app-extension"; includeInIndex = 0; path = recordSetupUI.appex; sourceTree = BUILT_PRODUCTS_DIR; };
		AB883C8B288669C700DE27E6 /* UIKit.framework */ = {isa = PBXFileReference; lastKnownFileType = wrapper.framework; name = UIKit.framework; path = System/Library/Frameworks/UIKit.framework; sourceTree = SDKROOT; };
		AB883C8E288669C700DE27E6 /* BroadcastSetupViewController.swift */ = {isa = PBXFileReference; lastKnownFileType = sourcecode.swift; path = BroadcastSetupViewController.swift; sourceTree = "<group>"; };
		AB883C90288669C700DE27E6 /* Info.plist */ = {isa = PBXFileReference; lastKnownFileType = text.plist.xml; path = Info.plist; sourceTree = "<group>"; };
		AB96864D288670DB00F46C29 /* library.swift */ = {isa = PBXFileReference; lastKnownFileType = sourcecode.swift; path = library.swift; sourceTree = "<group>"; };
		ABCC60C428A4C4B80076CE46 /* ott.entitlements */ = {isa = PBXFileReference; lastKnownFileType = text.plist.entitlements; path = ott.entitlements; sourceTree = "<group>"; };
		ABCC60C528A4C4E10076CE46 /* record.entitlements */ = {isa = PBXFileReference; lastKnownFileType = text.plist.entitlements; path = record.entitlements; sourceTree = "<group>"; };
/* End PBXFileReference section */

/* Begin PBXFrameworksBuildPhase section */
		AB883C5F2886693B00DE27E6 /* Frameworks */ = {
			isa = PBXFrameworksBuildPhase;
			buildActionMask = 2147483647;
			files = (
			);
			runOnlyForDeploymentPostprocessing = 0;
		};
		AB883C7A288669C700DE27E6 /* Frameworks */ = {
			isa = PBXFrameworksBuildPhase;
			buildActionMask = 2147483647;
			files = (
				AB883C80288669C700DE27E6 /* ReplayKit.framework in Frameworks */,
			);
			runOnlyForDeploymentPostprocessing = 0;
		};
		AB883C86288669C700DE27E6 /* Frameworks */ = {
			isa = PBXFrameworksBuildPhase;
			buildActionMask = 2147483647;
			files = (
				AB883C8A288669C700DE27E6 /* ReplayKit.framework in Frameworks */,
				AB883C8C288669C700DE27E6 /* UIKit.framework in Frameworks */,
			);
			runOnlyForDeploymentPostprocessing = 0;
		};
/* End PBXFrameworksBuildPhase section */

/* Begin PBXGroup section */
		AB883C592886693B00DE27E6 = {
			isa = PBXGroup;
			children = (
				AB883C642886693B00DE27E6 /* ott */,
				AB883C81288669C700DE27E6 /* record */,
				AB883C8D288669C700DE27E6 /* recordSetupUI */,
				AB883C7E288669C700DE27E6 /* Frameworks */,
				AB883C632886693B00DE27E6 /* Products */,
			);
			sourceTree = "<group>";
		};
		AB883C632886693B00DE27E6 /* Products */ = {
			isa = PBXGroup;
			children = (
				AB883C622886693B00DE27E6 /* ott.app */,
				AB883C7D288669C700DE27E6 /* record.appex */,
				AB883C89288669C700DE27E6 /* recordSetupUI.appex */,
			);
			name = Products;
			sourceTree = "<group>";
		};
		AB883C642886693B00DE27E6 /* ott */ = {
			isa = PBXGroup;
			children = (
				ABCC60C428A4C4B80076CE46 /* ott.entitlements */,
				AB883C652886693B00DE27E6 /* AppDelegate.swift */,
				AB883C672886693B00DE27E6 /* SceneDelegate.swift */,
				AB883C692886693B00DE27E6 /* ViewController.swift */,
				AB883C6B2886693B00DE27E6 /* Main.storyboard */,
				AB883C6E2886693C00DE27E6 /* Assets.xcassets */,
				AB883C702886693C00DE27E6 /* LaunchScreen.storyboard */,
				AB883C732886693C00DE27E6 /* Info.plist */,
			);
			path = ott;
			sourceTree = "<group>";
		};
		AB883C7E288669C700DE27E6 /* Frameworks */ = {
			isa = PBXGroup;
			children = (
				AB883C7F288669C700DE27E6 /* ReplayKit.framework */,
				AB883C8B288669C700DE27E6 /* UIKit.framework */,
			);
			name = Frameworks;
			sourceTree = "<group>";
		};
		AB883C81288669C700DE27E6 /* record */ = {
			isa = PBXGroup;
			children = (
				ABCC60C528A4C4E10076CE46 /* record.entitlements */,
				AB883C82288669C700DE27E6 /* SampleHandler.swift */,
				AB96864D288670DB00F46C29 /* library.swift */,
				AB883C84288669C700DE27E6 /* Info.plist */,
			);
			path = record;
			sourceTree = "<group>";
		};
		AB883C8D288669C700DE27E6 /* recordSetupUI */ = {
			isa = PBXGroup;
			children = (
				AB883C8E288669C700DE27E6 /* BroadcastSetupViewController.swift */,
				AB883C90288669C700DE27E6 /* Info.plist */,
			);
			path = recordSetupUI;
			sourceTree = "<group>";
		};
/* End PBXGroup section */

/* Begin PBXNativeTarget section */
		AB883C612886693B00DE27E6 /* ott */ = {
			isa = PBXNativeTarget;
			buildConfigurationList = AB883C762886693C00DE27E6 /* Build configuration list for PBXNativeTarget "ott" */;
			buildPhases = (
				AB883C5E2886693B00DE27E6 /* Sources */,
				AB883C5F2886693B00DE27E6 /* Frameworks */,
				AB883C602886693B00DE27E6 /* Resources */,
				AB883C9D288669C700DE27E6 /* Embed App Extensions */,
			);
			buildRules = (
			);
			dependencies = (
				AB883C92288669C700DE27E6 /* PBXTargetDependency */,
				AB883C95288669C700DE27E6 /* PBXTargetDependency */,
			);
			name = ott;
			productName = ott;
			productReference = AB883C622886693B00DE27E6 /* ott.app */;
			productType = "com.apple.product-type.application";
		};
		AB883C7C288669C700DE27E6 /* record */ = {
			isa = PBXNativeTarget;
			buildConfigurationList = AB883C9A288669C700DE27E6 /* Build configuration list for PBXNativeTarget "record" */;
			buildPhases = (
				AB883C79288669C700DE27E6 /* Sources */,
				AB883C7A288669C700DE27E6 /* Frameworks */,
				AB883C7B288669C700DE27E6 /* Resources */,
			);
			buildRules = (
			);
			dependencies = (
			);
			name = record;
			packageProductDependencies = (
			);
			productName = record;
			productReference = AB883C7D288669C700DE27E6 /* record.appex */;
			productType = "com.apple.product-type.app-extension";
		};
		AB883C88288669C700DE27E6 /* recordSetupUI */ = {
			isa = PBXNativeTarget;
			buildConfigurationList = AB883C97288669C700DE27E6 /* Build configuration list for PBXNativeTarget "recordSetupUI" */;
			buildPhases = (
				AB883C85288669C700DE27E6 /* Sources */,
				AB883C86288669C700DE27E6 /* Frameworks */,
				AB883C87288669C700DE27E6 /* Resources */,
			);
			buildRules = (
			);
			dependencies = (
			);
			name = recordSetupUI;
			productName = recordSetupUI;
			productReference = AB883C89288669C700DE27E6 /* recordSetupUI.appex */;
			productType = "com.apple.product-type.app-extension";
		};
/* End PBXNativeTarget section */

/* Begin PBXProject section */
		AB883C5A2886693B00DE27E6 /* Project object */ = {
			isa = PBXProject;
			attributes = {
				BuildIndependentTargetsInParallel = 1;
				LastSwiftUpdateCheck = 1340;
				LastUpgradeCheck = 1340;
				TargetAttributes = {
					AB883C612886693B00DE27E6 = {
						CreatedOnToolsVersion = 13.4.1;
					};
					AB883C7C288669C700DE27E6 = {
						CreatedOnToolsVersion = 13.4.1;
						LastSwiftMigration = 1340;
					};
					AB883C88288669C700DE27E6 = {
						CreatedOnToolsVersion = 13.4.1;
					};
				};
			};
			buildConfigurationList = AB883C5D2886693B00DE27E6 /* Build configuration list for PBXProject "ott" */;
			compatibilityVersion = "Xcode 13.0";
			developmentRegion = en;
			hasScannedForEncodings = 0;
			knownRegions = (
				en,
				Base,
			);
			mainGroup = AB883C592886693B00DE27E6;
			packageReferences = (
			);
			productRefGroup = AB883C632886693B00DE27E6 /* Products */;
			projectDirPath = "";
			projectRoot = "";
			targets = (
				AB883C612886693B00DE27E6 /* ott */,
				AB883C7C288669C700DE27E6 /* record */,
				AB883C88288669C700DE27E6 /* recordSetupUI */,
			);
		};
/* End PBXProject section */

/* Begin PBXResourcesBuildPhase section */
		AB883C602886693B00DE27E6 /* Resources */ = {
			isa = PBXResourcesBuildPhase;
			buildActionMask = 2147483647;
			files = (
				AB883C722886693C00DE27E6 /* LaunchScreen.storyboard in Resources */,
				AB883C6F2886693C00DE27E6 /* Assets.xcassets in Resources */,
				AB883C6D2886693B00DE27E6 /* Main.storyboard in Resources */,
			);
			runOnlyForDeploymentPostprocessing = 0;
		};
		AB883C7B288669C700DE27E6 /* Resources */ = {
			isa = PBXResourcesBuildPhase;
			buildActionMask = 2147483647;
			files = (
			);
			runOnlyForDeploymentPostprocessing = 0;
		};
		AB883C87288669C700DE27E6 /* Resources */ = {
			isa = PBXResourcesBuildPhase;
			buildActionMask = 2147483647;
			files = (
			);
			runOnlyForDeploymentPostprocessing = 0;
		};
/* End PBXResourcesBuildPhase section */

/* Begin PBXSourcesBuildPhase section */
		AB883C5E2886693B00DE27E6 /* Sources */ = {
			isa = PBXSourcesBuildPhase;
			buildActionMask = 2147483647;
			files = (
				AB883C6A2886693B00DE27E6 /* ViewController.swift in Sources */,
				AB883C662886693B00DE27E6 /* AppDelegate.swift in Sources */,
				AB883C682886693B00DE27E6 /* SceneDelegate.swift in Sources */,
			);
			runOnlyForDeploymentPostprocessing = 0;
		};
		AB883C79288669C700DE27E6 /* Sources */ = {
			isa = PBXSourcesBuildPhase;
			buildActionMask = 2147483647;
			files = (
				AB883C83288669C700DE27E6 /* SampleHandler.swift in Sources */,
				AB96864F288671B200F46C29 /* library.swift in Sources */,
			);
			runOnlyForDeploymentPostprocessing = 0;
		};
		AB883C85288669C700DE27E6 /* Sources */ = {
			isa = PBXSourcesBuildPhase;
			buildActionMask = 2147483647;
			files = (
				AB883C8F288669C700DE27E6 /* BroadcastSetupViewController.swift in Sources */,
			);
			runOnlyForDeploymentPostprocessing = 0;
		};
/* End PBXSourcesBuildPhase section */

/* Begin PBXTargetDependency section */
		AB883C92288669C700DE27E6 /* PBXTargetDependency */ = {
			isa = PBXTargetDependency;
			target = AB883C88288669C700DE27E6 /* recordSetupUI */;
			targetProxy = AB883C91288669C700DE27E6 /* PBXContainerItemProxy */;
		};
		AB883C95288669C700DE27E6 /* PBXTargetDependency */ = {
			isa = PBXTargetDependency;
			target = AB883C7C288669C700DE27E6 /* record */;
			targetProxy = AB883C94288669C700DE27E6 /* PBXContainerItemProxy */;
		};
/* End PBXTargetDependency section */

/* Begin PBXVariantGroup section */
		AB883C6B2886693B00DE27E6 /* Main.storyboard */ = {
			isa = PBXVariantGroup;
			children = (
				AB883C6C2886693B00DE27E6 /* Base */,
			);
			name = Main.storyboard;
			sourceTree = "<group>";
		};
		AB883C702886693C00DE27E6 /* LaunchScreen.storyboard */ = {
			isa = PBXVariantGroup;
			children = (
				AB883C712886693C00DE27E6 /* Base */,
			);
			name = LaunchScreen.storyboard;
			sourceTree = "<group>";
		};
/* End PBXVariantGroup section */

/* Begin XCBuildConfiguration section */
		AB883C742886693C00DE27E6 /* Debug */ = {
			isa = XCBuildConfiguration;
			buildSettings = {
				ALWAYS_SEARCH_USER_PATHS = NO;
				CLANG_ANALYZER_NONNULL = YES;
				CLANG_ANALYZER_NUMBER_OBJECT_CONVERSION = YES_AGGRESSIVE;
				CLANG_CXX_LANGUAGE_STANDARD = "gnu++17";
				CLANG_ENABLE_MODULES = YES;
				CLANG_ENABLE_OBJC_ARC = YES;
				CLANG_ENABLE_OBJC_WEAK = YES;
				CLANG_WARN_BLOCK_CAPTURE_AUTORELEASING = YES;
				CLANG_WARN_BOOL_CONVERSION = YES;
				CLANG_WARN_COMMA = YES;
				CLANG_WARN_CONSTANT_CONVERSION = YES;
				CLANG_WARN_DEPRECATED_OBJC_IMPLEMENTATIONS = YES;
				CLANG_WARN_DIRECT_OBJC_ISA_USAGE = YES_ERROR;
				CLANG_WARN_DOCUMENTATION_COMMENTS = YES;
				CLANG_WARN_EMPTY_BODY = YES;
				CLANG_WARN_ENUM_CONVERSION = YES;
				CLANG_WARN_INFINITE_RECURSION = YES;
				CLANG_WARN_INT_CONVERSION = YES;
				CLANG_WARN_NON_LITERAL_NULL_CONVERSION = YES;
				CLANG_WARN_OBJC_IMPLICIT_RETAIN_SELF = YES;
				CLANG_WARN_OBJC_LITERAL_CONVERSION = YES;
				CLANG_WARN_OBJC_ROOT_CLASS = YES_ERROR;
				CLANG_WARN_QUOTED_INCLUDE_IN_FRAMEWORK_HEADER = YES;
				CLANG_WARN_RANGE_LOOP_ANALYSIS = YES;
				CLANG_WARN_STRICT_PROTOTYPES = YES;
				CLANG_WARN_SUSPICIOUS_MOVE = YES;
				CLANG_WARN_UNGUARDED_AVAILABILITY = YES_AGGRESSIVE;
				CLANG_WARN_UNREACHABLE_CODE = YES;
				CLANG_WARN__DUPLICATE_METHOD_MATCH = YES;
				COPY_PHASE_STRIP = NO;
				DEBUG_INFORMATION_FORMAT = dwarf;
				ENABLE_STRICT_OBJC_MSGSEND = YES;
				ENABLE_TESTABILITY = YES;
				GCC_C_LANGUAGE_STANDARD = gnu11;
				GCC_DYNAMIC_NO_PIC = NO;
				GCC_NO_COMMON_BLOCKS = YES;
				GCC_OPTIMIZATION_LEVEL = 0;
				GCC_PREPROCESSOR_DEFINITIONS = (
					"DEBUG=1",
					"$(inherited)",
				);
				GCC_WARN_64_TO_32_BIT_CONVERSION = YES;
				GCC_WARN_ABOUT_RETURN_TYPE = YES_ERROR;
				GCC_WARN_UNDECLARED_SELECTOR = YES;
				GCC_WARN_UNINITIALIZED_AUTOS = YES_AGGRESSIVE;
				GCC_WARN_UNUSED_FUNCTION = YES;
				GCC_WARN_UNUSED_VARIABLE = YES;
				IPHONEOS_DEPLOYMENT_TARGET = 14.0;
				MTL_ENABLE_DEBUG_INFO = INCLUDE_SOURCE;
				MTL_FAST_MATH = YES;
				ONLY_ACTIVE_ARCH = YES;
				SDKROOT = iphoneos;
				SWIFT_ACTIVE_COMPILATION_CONDITIONS = DEBUG;
				SWIFT_OPTIMIZATION_LEVEL = "-Onone";
			};
			name = Debug;
		};
		AB883C752886693C00DE27E6 /* Release */ = {
			isa = XCBuildConfiguration;
			buildSettings = {
				ALWAYS_SEARCH_USER_PATHS = NO;
				CLANG_ANALYZER_NONNULL = YES;
				CLANG_ANALYZER_NUMBER_OBJECT_CONVERSION = YES_AGGRESSIVE;
				CLANG_CXX_LANGUAGE_STANDARD = "gnu++17";
				CLANG_ENABLE_MODULES = YES;
				CLANG_ENABLE_OBJC_ARC = YES;
				CLANG_ENABLE_OBJC_WEAK = YES;
				CLANG_WARN_BLOCK_CAPTURE_AUTORELEASING = YES;
				CLANG_WARN_BOOL_CONVERSION = YES;
				CLANG_WARN_COMMA = YES;
				CLANG_WARN_CONSTANT_CONVERSION = YES;
				CLANG_WARN_DEPRECATED_OBJC_IMPLEMENTATIONS = YES;
				CLANG_WARN_DIRECT_OBJC_ISA_USAGE = YES_ERROR;
				CLANG_WARN_DOCUMENTATION_COMMENTS = YES;
				CLANG_WARN_EMPTY_BODY = YES;
				CLANG_WARN_ENUM_CONVERSION = YES;
				CLANG_WARN_INFINITE_RECURSION = YES;
				CLANG_WARN_INT_CONVERSION = YES;
				CLANG_WARN_NON_LITERAL_NULL_CONVERSION = YES;
				CLANG_WARN_OBJC_IMPLICIT_RETAIN_SELF = YES;
				CLANG_WARN_OBJC_LITERAL_CONVERSION = YES;
				CLANG_WARN_OBJC_ROOT_CLASS = YES_ERROR;
				CLANG_WARN_QUOTED_INCLUDE_IN_FRAMEWORK_HEADER = YES;
				CLANG_WARN_RANGE_LOOP_ANALYSIS = YES;
				CLANG_WARN_STRICT_PROTOTYPES = YES;
				CLANG_WARN_SUSPICIOUS_MOVE = YES;
				CLANG_WARN_UNGUARDED_AVAILABILITY = YES_AGGRESSIVE;
				CLANG_WARN_UNREACHABLE_CODE = YES;
				CLANG_WARN__DUPLICATE_METHOD_MATCH = YES;
				COPY_PHASE_STRIP = NO;
				DEBUG_INFORMATION_FORMAT = "dwarf-with-dsym";
				ENABLE_NS_ASSERTIONS = NO;
				ENABLE_STRICT_OBJC_MSGSEND = YES;
				GCC_C_LANGUAGE_STANDARD = gnu11;
				GCC_NO_COMMON_BLOCKS = YES;
				GCC_WARN_64_TO_32_BIT_CONVERSION = YES;
				GCC_WARN_ABOUT_RETURN_TYPE = YES_ERROR;
				GCC_WARN_UNDECLARED_SELECTOR = YES;
				GCC_WARN_UNINITIALIZED_AUTOS = YES_AGGRESSIVE;
				GCC_WARN_UNUSED_FUNCTION = YES;
				GCC_WARN_UNUSED_VARIABLE = YES;
				IPHONEOS_DEPLOYMENT_TARGET = 14.0;
				MTL_ENABLE_DEBUG_INFO = NO;
				MTL_FAST_MATH = YES;
				SDKROOT = iphoneos;
				SWIFT_COMPILATION_MODE = wholemodule;
				SWIFT_OPTIMIZATION_LEVEL = "-O";
				VALIDATE_PRODUCT = YES;
			};
			name = Release;
		};
		AB883C772886693C00DE27E6 /* Debug */ = {
			isa = XCBuildConfiguration;
			buildSettings = {
				ALWAYS_EMBED_SWIFT_STANDARD_LIBRARIES = YES;
				ASSETCATALOG_COMPILER_APPICON_NAME = AppIcon;
				ASSETCATALOG_COMPILER_GLOBAL_ACCENT_COLOR_NAME = AccentColor;
				CODE_SIGN_ENTITLEMENTS = ott/ott.entitlements;
				CODE_SIGN_IDENTITY = "Apple Development";
				CODE_SIGN_STYLE = Automatic;
				CURRENT_PROJECT_VERSION = 1;
				DEVELOPMENT_TEAM = SYZM4D2Z3D;
				GENERATE_INFOPLIST_FILE = YES;
				INFOPLIST_FILE = ott/Info.plist;
				INFOPLIST_KEY_UIApplicationSupportsIndirectInputEvents = YES;
				INFOPLIST_KEY_UILaunchStoryboardName = LaunchScreen;
				INFOPLIST_KEY_UIMainStoryboardFile = Main;
				INFOPLIST_KEY_UISupportedInterfaceOrientations_iPad = "UIInterfaceOrientationPortrait UIInterfaceOrientationPortraitUpsideDown UIInterfaceOrientationLandscapeLeft UIInterfaceOrientationLandscapeRight";
				INFOPLIST_KEY_UISupportedInterfaceOrientations_iPhone = "UIInterfaceOrientationPortrait UIInterfaceOrientationLandscapeLeft UIInterfaceOrientationLandscapeRight";
				LD_RUNPATH_SEARCH_PATHS = (
					"$(inherited)",
					"@executable_path/Frameworks",
				);
				MARKETING_VERSION = 1.0;
				PRODUCT_BUNDLE_IDENTIFIER = com.chongin12.dev.ott;
				PRODUCT_NAME = "$(TARGET_NAME)";
				PROVISIONING_PROFILE_SPECIFIER = "";
				SWIFT_EMIT_LOC_STRINGS = YES;
				SWIFT_VERSION = 5.0;
				TARGETED_DEVICE_FAMILY = "1,2";
			};
			name = Debug;
		};
		AB883C782886693C00DE27E6 /* Release */ = {
			isa = XCBuildConfiguration;
			buildSettings = {
				ALWAYS_EMBED_SWIFT_STANDARD_LIBRARIES = YES;
				ASSETCATALOG_COMPILER_APPICON_NAME = AppIcon;
				ASSETCATALOG_COMPILER_GLOBAL_ACCENT_COLOR_NAME = AccentColor;
				CODE_SIGN_ENTITLEMENTS = ott/ott.entitlements;
				CODE_SIGN_IDENTITY = "Apple Development";
				CODE_SIGN_STYLE = Automatic;
				CURRENT_PROJECT_VERSION = 1;
				DEVELOPMENT_TEAM = SYZM4D2Z3D;
				GENERATE_INFOPLIST_FILE = YES;
				INFOPLIST_FILE = ott/Info.plist;
				INFOPLIST_KEY_UIApplicationSupportsIndirectInputEvents = YES;
				INFOPLIST_KEY_UILaunchStoryboardName = LaunchScreen;
				INFOPLIST_KEY_UIMainStoryboardFile = Main;
				INFOPLIST_KEY_UISupportedInterfaceOrientations_iPad = "UIInterfaceOrientationPortrait UIInterfaceOrientationPortraitUpsideDown UIInterfaceOrientationLandscapeLeft UIInterfaceOrientationLandscapeRight";
				INFOPLIST_KEY_UISupportedInterfaceOrientations_iPhone = "UIInterfaceOrientationPortrait UIInterfaceOrientationLandscapeLeft UIInterfaceOrientationLandscapeRight";
				LD_RUNPATH_SEARCH_PATHS = (
					"$(inherited)",
					"@executable_path/Frameworks",
				);
				MARKETING_VERSION = 1.0;
				PRODUCT_BUNDLE_IDENTIFIER = com.chongin12.dev.ott;
				PRODUCT_NAME = "$(TARGET_NAME)";
				PROVISIONING_PROFILE_SPECIFIER = "";
				SWIFT_EMIT_LOC_STRINGS = YES;
				SWIFT_VERSION = 5.0;
				TARGETED_DEVICE_FAMILY = "1,2";
			};
			name = Release;
		};
		AB883C98288669C700DE27E6 /* Debug */ = {
			isa = XCBuildConfiguration;
			buildSettings = {
				CODE_SIGN_STYLE = Automatic;
				CURRENT_PROJECT_VERSION = 1;
				DEVELOPMENT_TEAM = SYZM4D2Z3D;
				GENERATE_INFOPLIST_FILE = YES;
				INFOPLIST_FILE = recordSetupUI/Info.plist;
				INFOPLIST_KEY_CFBundleDisplayName = recordSetupUI;
				INFOPLIST_KEY_NSHumanReadableCopyright = "";
				LD_RUNPATH_SEARCH_PATHS = (
					"$(inherited)",
					"@executable_path/Frameworks",
					"@executable_path/../../Frameworks",
				);
				MARKETING_VERSION = 1.0;
				PRODUCT_BUNDLE_IDENTIFIER = com.chongin12.dev.ott.recordSetupUI;
				PRODUCT_NAME = "$(TARGET_NAME)";
				SKIP_INSTALL = YES;
				SWIFT_EMIT_LOC_STRINGS = YES;
				SWIFT_VERSION = 5.0;
				TARGETED_DEVICE_FAMILY = "1,2";
			};
			name = Debug;
		};
		AB883C99288669C700DE27E6 /* Release */ = {
			isa = XCBuildConfiguration;
			buildSettings = {
				CODE_SIGN_STYLE = Automatic;
				CURRENT_PROJECT_VERSION = 1;
				DEVELOPMENT_TEAM = SYZM4D2Z3D;
				GENERATE_INFOPLIST_FILE = YES;
				INFOPLIST_FILE = recordSetupUI/Info.plist;
				INFOPLIST_KEY_CFBundleDisplayName = recordSetupUI;
				INFOPLIST_KEY_NSHumanReadableCopyright = "";
				LD_RUNPATH_SEARCH_PATHS = (
					"$(inherited)",
					"@executable_path/Frameworks",
					"@executable_path/../../Frameworks",
				);
				MARKETING_VERSION = 1.0;
				PRODUCT_BUNDLE_IDENTIFIER = com.chongin12.dev.ott.recordSetupUI;
				PRODUCT_NAME = "$(TARGET_NAME)";
				SKIP_INSTALL = YES;
				SWIFT_EMIT_LOC_STRINGS = YES;
				SWIFT_VERSION = 5.0;
				TARGETED_DEVICE_FAMILY = "1,2";
			};
			name = Release;
		};
		AB883C9B288669C700DE27E6 /* Debug */ = {
			isa = XCBuildConfiguration;
			buildSettings = {
				CLANG_ENABLE_MODULES = YES;
				CODE_SIGN_ENTITLEMENTS = record/record.entitlements;
				CODE_SIGN_STYLE = Automatic;
				CURRENT_PROJECT_VERSION = 1;
				DEVELOPMENT_TEAM = SYZM4D2Z3D;
				GCC_VERSION = "";
				GENERATE_INFOPLIST_FILE = YES;
				GENERATE_PROFILING_CODE = NO;
				HEADER_SEARCH_PATHS = "";
				INFOPLIST_FILE = record/Info.plist;
				INFOPLIST_KEY_CFBundleDisplayName = record;
				INFOPLIST_KEY_NSHumanReadableCopyright = "";
				LD_RUNPATH_SEARCH_PATHS = (
					"$(inherited)",
					"@executable_path/Frameworks",
					"@executable_path/../../Frameworks",
				);
				MARKETING_VERSION = 1.0;
				PRODUCT_BUNDLE_IDENTIFIER = com.chongin12.dev.ott.record;
				PRODUCT_NAME = "$(TARGET_NAME)";
				SKIP_INSTALL = YES;
				SWIFT_EMIT_LOC_STRINGS = YES;
				SWIFT_INCLUDE_PATHS = "${SRCROOT}/record/CLibrary";
				SWIFT_OPTIMIZATION_LEVEL = "-Onone";
				SWIFT_VERSION = 5.0;
				SYSTEM_HEADER_SEARCH_PATHS = "";
				TARGETED_DEVICE_FAMILY = "1,2";
			};
			name = Debug;
		};
		AB883C9C288669C700DE27E6 /* Release */ = {
			isa = XCBuildConfiguration;
			buildSettings = {
				CLANG_ENABLE_MODULES = YES;
				CODE_SIGN_ENTITLEMENTS = record/record.entitlements;
				CODE_SIGN_STYLE = Automatic;
				CURRENT_PROJECT_VERSION = 1;
				DEVELOPMENT_TEAM = SYZM4D2Z3D;
				GCC_VERSION = "";
				GENERATE_INFOPLIST_FILE = YES;
				GENERATE_PROFILING_CODE = NO;
				HEADER_SEARCH_PATHS = "";
				INFOPLIST_FILE = record/Info.plist;
				INFOPLIST_KEY_CFBundleDisplayName = record;
				INFOPLIST_KEY_NSHumanReadableCopyright = "";
				LD_RUNPATH_SEARCH_PATHS = (
					"$(inherited)",
					"@executable_path/Frameworks",
					"@executable_path/../../Frameworks",
				);
				MARKETING_VERSION = 1.0;
				PRODUCT_BUNDLE_IDENTIFIER = com.chongin12.dev.ott.record;
				PRODUCT_NAME = "$(TARGET_NAME)";
				SKIP_INSTALL = YES;
				SWIFT_EMIT_LOC_STRINGS = YES;
				SWIFT_INCLUDE_PATHS = "${SRCROOT}/record/CLibrary";
				SWIFT_VERSION = 5.0;
				SYSTEM_HEADER_SEARCH_PATHS = "";
				TARGETED_DEVICE_FAMILY = "1,2";
			};
			name = Release;
		};
/* End XCBuildConfiguration section */

/* Begin XCConfigurationList section */
		AB883C5D2886693B00DE27E6 /* Build configuration list for PBXProject "ott" */ = {
			isa = XCConfigurationList;
			buildConfigurations = (
				AB883C742886693C00DE27E6 /* Debug */,
				AB883C752886693C00DE27E6 /* Release */,
			);
			defaultConfigurationIsVisible = 0;
			defaultConfigurationName = Release;
		};
		AB883C762886693C00DE27E6 /* Build configuration list for PBXNativeTarget "ott" */ = {
			isa = XCConfigurationList;
			buildConfigurations = (
				AB883C772886693C00DE27E6 /* Debug */,
				AB883C782886693C00DE27E6 /* Release */,
			);
			defaultConfigurationIsVisible = 0;
			defaultConfigurationName = Release;
		};
		AB883C97288669C700DE27E6 /* Build configuration list for PBXNativeTarget "recordSetupUI" */ = {
			isa = XCConfigurationList;
			buildConfigurations = (
				AB883C98288669C700DE27E6 /* Debug */,
				AB883C99288669C700DE27E6 /* Release */,
			);
			defaultConfigurationIsVisible = 0;
			defaultConfigurationName = Release;
		};
		AB883C9A288669C700DE27E6 /* Build configuration list for PBXNativeTarget "record" */ = {
			isa = XCConfigurationList;
			buildConfigurations = (
				AB883C9B288669C700DE27E6 /* Debug */,
				AB883C9C288669C700DE27E6 /* Release */,
			);
			defaultConfigurationIsVisible = 0;
			defaultConfigurationName = Release;
		};
/* End XCConfigurationList section */
	};
	rootObject = AB883C5A2886693B00DE27E6 /* Project object */;
}
